// !$*UTF8*$!
{
	archiveVersion = 1;
	classes = {
	};
	objectVersion = 46;
	objects = {

/* Begin PBXBuildFile section */
		220948151A6A34FD00DD5150 /* AppDelegate.swift in Sources */ = {isa = PBXBuildFile; fileRef = 220948141A6A34FD00DD5150 /* AppDelegate.swift */; };
		220948171A6A34FD00DD5150 /* ViewController.swift in Sources */ = {isa = PBXBuildFile; fileRef = 220948161A6A34FD00DD5150 /* ViewController.swift */; };
		2209481A1A6A34FD00DD5150 /* Main.storyboard in Resources */ = {isa = PBXBuildFile; fileRef = 220948181A6A34FD00DD5150 /* Main.storyboard */; };
		2209481C1A6A34FD00DD5150 /* Images.xcassets in Resources */ = {isa = PBXBuildFile; fileRef = 2209481B1A6A34FD00DD5150 /* Images.xcassets */; };
		2209481F1A6A34FD00DD5150 /* LaunchScreen.xib in Resources */ = {isa = PBXBuildFile; fileRef = 2209481D1A6A34FD00DD5150 /* LaunchScreen.xib */; };
		2209482B1A6A34FD00DD5150 /* PostcardTests.swift in Sources */ = {isa = PBXBuildFile; fileRef = 2209482A1A6A34FD00DD5150 /* PostcardTests.swift */; };
/* End PBXBuildFile section */

/* Begin PBXContainerItemProxy section */
		220948251A6A34FD00DD5150 /* PBXContainerItemProxy */ = {
			isa = PBXContainerItemProxy;
			containerPortal = 220948071A6A34FD00DD5150 /* Project object */;
			proxyType = 1;
			remoteGlobalIDString = 2209480E1A6A34FD00DD5150;
			remoteInfo = Postcard;
		};
/* End PBXContainerItemProxy section */

/* Begin PBXFileReference section */
		2209480F1A6A34FD00DD5150 /* Postcard.app */ = {isa = PBXFileReference; explicitFileType = wrapper.application; includeInIndex = 0; path = Postcard.app; sourceTree = BUILT_PRODUCTS_DIR; };
		220948131A6A34FD00DD5150 /* Info.plist */ = {isa = PBXFileReference; lastKnownFileType = text.plist.xml; path = Info.plist; sourceTree = "<group>"; };
		220948141A6A34FD00DD5150 /* AppDelegate.swift */ = {isa = PBXFileReference; lastKnownFileType = sourcecode.swift; path = AppDelegate.swift; sourceTree = "<group>"; };
		220948161A6A34FD00DD5150 /* ViewController.swift */ = {isa = PBXFileReference; lastKnownFileType = sourcecode.swift; path = ViewController.swift; sourceTree = "<group>"; };
		220948191A6A34FD00DD5150 /* Base */ = {isa = PBXFileReference; lastKnownFileType = file.storyboard; name = Base; path = Base.lproj/Main.storyboard; sourceTree = "<group>"; };
		2209481B1A6A34FD00DD5150 /* Images.xcassets */ = {isa = PBXFileReference; lastKnownFileType = folder.assetcatalog; path = Images.xcassets; sourceTree = "<group>"; };
		2209481E1A6A34FD00DD5150 /* Base */ = {isa = PBXFileReference; lastKnownFileType = file.xib; name = Base; path = Base.lproj/LaunchScreen.xib; sourceTree = "<group>"; };
		220948241A6A34FD00DD5150 /* PostcardTests.xctest */ = {isa = PBXFileReference; explicitFileType = wrapper.cfbundle; includeInIndex = 0; path = PostcardTests.xctest; sourceTree = BUILT_PRODUCTS_DIR; };
		220948291A6A34FD00DD5150 /* Info.plist */ = {isa = PBXFileReference; lastKnownFileType = text.plist.xml; path = Info.plist; sourceTree = "<group>"; };
		2209482A1A6A34FD00DD5150 /* PostcardTests.swift */ = {isa = PBXFileReference; lastKnownFileType = sourcecode.swift; path = PostcardTests.swift; sourceTree = "<group>"; };
/* End PBXFileReference section */

/* Begin PBXFrameworksBuildPhase section */
		2209480C1A6A34FD00DD5150 /* Frameworks */ = {
			isa = PBXFrameworksBuildPhase;
			buildActionMask = 2147483647;
			files = (
			);
			runOnlyForDeploymentPostprocessing = 0;
		};
		220948211A6A34FD00DD5150 /* Frameworks */ = {
			isa = PBXFrameworksBuildPhase;
			buildActionMask = 2147483647;
			files = (
			);
			runOnlyForDeploymentPostprocessing = 0;
		};
/* End PBXFrameworksBuildPhase section */

/* Begin PBXGroup section */
		220948061A6A34FD00DD5150 = {
			isa = PBXGroup;
			children = (
				220948111A6A34FD00DD5150 /* Postcard */,
				220948271A6A34FD00DD5150 /* PostcardTests */,
				220948101A6A34FD00DD5150 /* Products */,
			);
			sourceTree = "<group>";
		};
		220948101A6A34FD00DD5150 /* Products */ = {
			isa = PBXGroup;
			children = (
				2209480F1A6A34FD00DD5150 /* Postcard.app */,
				220948241A6A34FD00DD5150 /* PostcardTests.xctest */,
			);
			name = Products;
			sourceTree = "<group>";
		};
		220948111A6A34FD00DD5150 /* Postcard */ = {
			isa = PBXGroup;
			children = (
				220948141A6A34FD00DD5150 /* AppDelegate.swift */,
				220948161A6A34FD00DD5150 /* ViewController.swift */,
				220948181A6A34FD00DD5150 /* Main.storyboard */,
				2209481B1A6A34FD00DD5150 /* Images.xcassets */,
				2209481D1A6A34FD00DD5150 /* LaunchScreen.xib */,
				220948121A6A34FD00DD5150 /* Supporting Files */,
			);
			path = Postcard;
			sourceTree = "<group>";
		};
		220948121A6A34FD00DD5150 /* Supporting Files */ = {
			isa = PBXGroup;
			children = (
				220948131A6A34FD00DD5150 /* Info.plist */,
			);
			name = "Supporting Files";
			sourceTree = "<group>";
		};
		220948271A6A34FD00DD5150 /* PostcardTests */ = {
			isa = PBXGroup;
			children = (
				2209482A1A6A34FD00DD5150 /* PostcardTests.swift */,
				220948281A6A34FD00DD5150 /* Supporting Files */,
			);
			path = PostcardTests;
			sourceTree = "<group>";
		};
		220948281A6A34FD00DD5150 /* Supporting Files */ = {
			isa = PBXGroup;
			children = (
				220948291A6A34FD00DD5150 /* Info.plist */,
			);
			name = "Supporting Files";
			sourceTree = "<group>";
		};
/* End PBXGroup section */

/* Begin PBXNativeTarget section */
		2209480E1A6A34FD00DD5150 /* Postcard */ = {
			isa = PBXNativeTarget;
			buildConfigurationList = 2209482E1A6A34FD00DD5150 /* Build configuration list for PBXNativeTarget "Postcard" */;
			buildPhases = (
				2209480B1A6A34FD00DD5150 /* Sources */,
				2209480C1A6A34FD00DD5150 /* Frameworks */,
				2209480D1A6A34FD00DD5150 /* Resources */,
			);
			buildRules = (
			);
			dependencies = (
			);
			name = Postcard;
			productName = Postcard;
			productReference = 2209480F1A6A34FD00DD5150 /* Postcard.app */;
			productType = "com.apple.product-type.application";
		};
		220948231A6A34FD00DD5150 /* PostcardTests */ = {
			isa = PBXNativeTarget;
			buildConfigurationList = 220948311A6A34FD00DD5150 /* Build configuration list for PBXNativeTarget "PostcardTests" */;
			buildPhases = (
				220948201A6A34FD00DD5150 /* Sources */,
				220948211A6A34FD00DD5150 /* Frameworks */,
				220948221A6A34FD00DD5150 /* Resources */,
			);
			buildRules = (
			);
			dependencies = (
				220948261A6A34FD00DD5150 /* PBXTargetDependency */,
			);
			name = PostcardTests;
			productName = PostcardTests;
			productReference = 220948241A6A34FD00DD5150 /* PostcardTests.xctest */;
			productType = "com.apple.product-type.bundle.unit-test";
		};
/* End PBXNativeTarget section */

/* Begin PBXProject section */
		220948071A6A34FD00DD5150 /* Project object */ = {
			isa = PBXProject;
			attributes = {
				LastUpgradeCheck = 0610;
				ORGANIZATIONNAME = "Timothy Hadwen";
				TargetAttributes = {
					2209480E1A6A34FD00DD5150 = {
						CreatedOnToolsVersion = 6.1;
					};
					220948231A6A34FD00DD5150 = {
						CreatedOnToolsVersion = 6.1;
						TestTargetID = 2209480E1A6A34FD00DD5150;
					};
				};
			};
			buildConfigurationList = 2209480A1A6A34FD00DD5150 /* Build configuration list for PBXProject "Postcard" */;
			compatibilityVersion = "Xcode 3.2";
			developmentRegion = English;
			hasScannedForEncodings = 0;
			knownRegions = (
				en,
				Base,
			);
			mainGroup = 220948061A6A34FD00DD5150;
			productRefGroup = 220948101A6A34FD00DD5150 /* Products */;
			projectDirPath = "";
			projectRoot = "";
			targets = (
				2209480E1A6A34FD00DD5150 /* Postcard */,
				220948231A6A34FD00DD5150 /* PostcardTests */,
			);
		};
/* End PBXProject section */

/* Begin PBXResourcesBuildPhase section */
		2209480D1A6A34FD00DD5150 /* Resources */ = {
			isa = PBXResourcesBuildPhase;
			buildActionMask = 2147483647;
			files = (
				2209481A1A6A34FD00DD5150 /* Main.storyboard in Resources */,
				2209481F1A6A34FD00DD5150 /* LaunchScreen.xib in Resources */,
				2209481C1A6A34FD00DD5150 /* Images.xcassets in Resources */,
			);
			runOnlyForDeploymentPostprocessing = 0;
		};
		220948221A6A34FD00DD5150 /* Resources */ = {
			isa = PBXResourcesBuildPhase;
			buildActionMask = 2147483647;
			files = (
			);
			runOnlyForDeploymentPostprocessing = 0;
		};
/* End PBXResourcesBuildPhase section */

/* Begin PBXSourcesBuildPhase section */
		2209480B1A6A34FD00DD5150 /* Sources */ = {
			isa = PBXSourcesBuildPhase;
			buildActionMask = 2147483647;
			files = (
				220948171A6A34FD00DD5150 /* ViewController.swift in Sources */,
				220948151A6A34FD00DD5150 /* AppDelegate.swift in Sources */,
			);
			runOnlyForDeploymentPostprocessing = 0;
		};
		220948201A6A34FD00DD5150 /* Sources */ = {
			isa = PBXSourcesBuildPhase;
			buildActionMask = 2147483647;
			files = (
				2209482B1A6A34FD00DD5150 /* PostcardTests.swift in Sources */,
			);
			runOnlyForDeploymentPostprocessing = 0;
		};
/* End PBXSourcesBuildPhase section */

/* Begin PBXTargetDependency section */
		220948261A6A34FD00DD5150 /* PBXTargetDependency */ = {
			isa = PBXTargetDependency;
			target = 2209480E1A6A34FD00DD5150 /* Postcard */;
			targetProxy = 220948251A6A34FD00DD5150 /* PBXContainerItemProxy */;
		};
/* End PBXTargetDependency section */

/* Begin PBXVariantGroup section */
		220948181A6A34FD00DD5150 /* Main.storyboard */ = {
			isa = PBXVariantGroup;
			children = (
				220948191A6A34FD00DD5150 /* Base */,
			);
			name = Main.storyboard;
			sourceTree = "<group>";
		};
		2209481D1A6A34FD00DD5150 /* LaunchScreen.xib */ = {
			isa = PBXVariantGroup;
			children = (
				2209481E1A6A34FD00DD5150 /* Base */,
			);
			name = LaunchScreen.xib;
			sourceTree = "<group>";
		};
/* End PBXVariantGroup section */

/* Begin XCBuildConfiguration section */
		2209482C1A6A34FD00DD5150 /* Debug */ = {
			isa = XCBuildConfiguration;
			buildSettings = {
				ALWAYS_SEARCH_USER_PATHS = NO;
				CLANG_CXX_LANGUAGE_STANDARD = "gnu++0x";
				CLANG_CXX_LIBRARY = "libc++";
				CLANG_ENABLE_MODULES = YES;
				CLANG_ENABLE_OBJC_ARC = YES;
				CLANG_WARN_BOOL_CONVERSION = YES;
				CLANG_WARN_CONSTANT_CONVERSION = YES;
				CLANG_WARN_DIRECT_OBJC_ISA_USAGE = YES_ERROR;
				CLANG_WARN_EMPTY_BODY = YES;
				CLANG_WARN_ENUM_CONVERSION = YES;
				CLANG_WARN_INT_CONVERSION = YES;
				CLANG_WARN_OBJC_ROOT_CLASS = YES_ERROR;
				CLANG_WARN_UNREACHABLE_CODE = YES;
				CLANG_WARN__DUPLICATE_METHOD_MATCH = YES;
				"CODE_SIGN_IDENTITY[sdk=iphoneos*]" = "iPhone Developer";
				COPY_PHASE_STRIP = NO;
				ENABLE_STRICT_OBJC_MSGSEND = YES;
				GCC_C_LANGUAGE_STANDARD = gnu99;
				GCC_DYNAMIC_NO_PIC = NO;
				GCC_OPTIMIZATION_LEVEL = 0;
				GCC_PREPROCESSOR_DEFINITIONS = (
					"DEBUG=1",
					"$(inherited)",
				);
				GCC_SYMBOLS_PRIVATE_EXTERN = NO;
				GCC_WARN_64_TO_32_BIT_CONVERSION = YES;
				GCC_WARN_ABOUT_RETURN_TYPE = YES_ERROR;
				GCC_WARN_UNDECLARED_SELECTOR = YES;
				GCC_WARN_UNINITIALIZED_AUTOS = YES_AGGRESSIVE;
				GCC_WARN_UNUSED_FUNCTION = YES;
				GCC_WARN_UNUSED_VARIABLE = YES;
				IPHONEOS_DEPLOYMENT_TARGET = 8.0;
				MTL_ENABLE_DEBUG_INFO = YES;
				ONLY_ACTIVE_ARCH = YES;
				SDKROOT = iphoneos;
				SWIFT_OPTIMIZATION_LEVEL = "-Onone";
				TARGETED_DEVICE_FAMILY = "1,2";
			};
			name = Debug;
		};
		2209482D1A6A34FD00DD5150 /* Release */ = {
			isa = XCBuildConfiguration;
			buildSettings = {
				ALWAYS_SEARCH_USER_PATHS = NO;
				CLANG_CXX_LANGUAGE_STANDARD = "gnu++0x";
				CLANG_CXX_LIBRARY = "libc++";
				CLANG_ENABLE_MODULES = YES;
				CLANG_ENABLE_OBJC_ARC = YES;
				CLANG_WARN_BOOL_CONVERSION = YES;
				CLANG_WARN_CONSTANT_CONVERSION = YES;
				CLANG_WARN_DIRECT_OBJC_ISA_USAGE = YES_ERROR;
				CLANG_WARN_EMPTY_BODY = YES;
				CLANG_WARN_ENUM_CONVERSION = YES;
				CLANG_WARN_INT_CONVERSION = YES;
				CLANG_WARN_OBJC_ROOT_CLASS = YES_ERROR;
				CLANG_WARN_UNREACHABLE_CODE = YES;
				CLANG_WARN__DUPLICATE_METHOD_MATCH = YES;
				"CODE_SIGN_IDENTITY[sdk=iphoneos*]" = "iPhone Developer";
				COPY_PHASE_STRIP = YES;
				ENABLE_NS_ASSERTIONS = NO;
				ENABLE_STRICT_OBJC_MSGSEND = YES;
				GCC_C_LANGUAGE_STANDARD = gnu99;
				GCC_WARN_64_TO_32_BIT_CONVERSION = YES;
				GCC_WARN_ABOUT_RETURN_TYPE = YES_ERROR;
				GCC_WARN_UNDECLARED_SELECTOR = YES;
				GCC_WARN_UNINITIALIZED_AUTOS = YES_AGGRESSIVE;
				GCC_WARN_UNUSED_FUNCTION = YES;
				GCC_WARN_UNUSED_VARIABLE = YES;
				IPHONEOS_DEPLOYMENT_TARGET = 8.0;
				MTL_ENABLE_DEBUG_INFO = NO;
				SDKROOT = iphoneos;
				TARGETED_DEVICE_FAMILY = "1,2";
				VALIDATE_PRODUCT = YES;
			};
			name = Release;
		};
		2209482F1A6A34FD00DD5150 /* Debug */ = {
			isa = XCBuildConfiguration;
			buildSettings = {
				ASSETCATALOG_COMPILER_APPICON_NAME = AppIcon;
				INFOPLIST_FILE = Postcard/Info.plist;
				LD_RUNPATH_SEARCH_PATHS = "$(inherited) @executable_path/Frameworks";
				PRODUCT_NAME = "$(TARGET_NAME)";
			};
			name = Debug;
		};
		220948301A6A34FD00DD5150 /* Release */ = {
			isa = XCBuildConfiguration;
			buildSettings = {
				ASSETCATALOG_COMPILER_APPICON_NAME = AppIcon;
				INFOPLIST_FILE = Postcard/Info.plist;
				LD_RUNPATH_SEARCH_PATHS = "$(inherited) @executable_path/Frameworks";
				PRODUCT_NAME = "$(TARGET_NAME)";
			};
			name = Release;
		};
		220948321A6A34FD00DD5150 /* Debug */ = {
			isa = XCBuildConfiguration;
			buildSettings = {
				BUNDLE_LOADER = "$(TEST_HOST)";
				FRAMEWORK_SEARCH_PATHS = (
					"$(SDKROOT)/Developer/Library/Frameworks",
					"$(inherited)",
				);
				GCC_PREPROCESSOR_DEFINITIONS = (
					"DEBUG=1",
					"$(inherited)",
				);
				INFOPLIST_FILE = PostcardTests/Info.plist;
				LD_RUNPATH_SEARCH_PATHS = "$(inherited) @executable_path/Frameworks @loader_path/Frameworks";
				PRODUCT_NAME = "$(TARGET_NAME)";
				TEST_HOST = "$(BUILT_PRODUCTS_DIR)/Postcard.app/Postcard";
			};
			name = Debug;
		};
		220948331A6A34FD00DD5150 /* Release */ = {
			isa = XCBuildConfiguration;
			buildSettings = {
				BUNDLE_LOADER = "$(TEST_HOST)";
				FRAMEWORK_SEARCH_PATHS = (
					"$(SDKROOT)/Developer/Library/Frameworks",
					"$(inherited)",
				);
				INFOPLIST_FILE = PostcardTests/Info.plist;
				LD_RUNPATH_SEARCH_PATHS = "$(inherited) @executable_path/Frameworks @loader_path/Frameworks";
				PRODUCT_NAME = "$(TARGET_NAME)";
				TEST_HOST = "$(BUILT_PRODUCTS_DIR)/Postcard.app/Postcard";
			};
			name = Release;
		};
/* End XCBuildConfiguration section */

/* Begin XCConfigurationList section */
		2209480A1A6A34FD00DD5150 /* Build configuration list for PBXProject "Postcard" */ = {
			isa = XCConfigurationList;
			buildConfigurations = (
				2209482C1A6A34FD00DD5150 /* Debug */,
				2209482D1A6A34FD00DD5150 /* Release */,
			);
			defaultConfigurationIsVisible = 0;
			defaultConfigurationName = Release;
		};
		2209482E1A6A34FD00DD5150 /* Build configuration list for PBXNativeTarget "Postcard" */ = {
			isa = XCConfigurationList;
			buildConfigurations = (
				2209482F1A6A34FD00DD5150 /* Debug */,
				220948301A6A34FD00DD5150 /* Release */,
			);
			defaultConfigurationIsVisible = 0;
		};
		220948311A6A34FD00DD5150 /* Build configuration list for PBXNativeTarget "PostcardTests" */ = {
			isa = XCConfigurationList;
			buildConfigurations = (
				220948321A6A34FD00DD5150 /* Debug */,
				220948331A6A34FD00DD5150 /* Release */,
			);
			defaultConfigurationIsVisible = 0;
		};
/* End XCConfigurationList section */
	};
	rootObject = 220948071A6A34FD00DD5150 /* Project object */;
}
